
Microsoft Visual Studio Solution File, Format Version 12.00
# Visual Studio Version 16
VisualStudioVersion = 16.0.28922.388
MinimumVisualStudioVersion = 10.0.40219.1
Project("{FAE04EC0-301F-11D3-BF4B-00C04F79EFBC}") = "Solutec", "Solutec.csproj", "{84DA9E1C-E0EB-4C5A-9B3B-B9A6C87BAD41}"
EndProject
Global
	GlobalSection(SolutionConfigurationPlatforms) = preSolution
		Debug|Any CPU = Debug|Any CPU
		Release|Any CPU = Release|Any CPU
	EndGlobalSection
	GlobalSection(ProjectConfigurationPlatforms) = postSolution
		{84DA9E1C-E0EB-4C5A-9B3B-B9A6C87BAD41}.Debug|Any CPU.ActiveCfg = Debug|Any CPU
		{84DA9E1C-E0EB-4C5A-9B3B-B9A6C87BAD41}.Debug|Any CPU.Build.0 = Debug|Any CPU
		{84DA9E1C-E0EB-4C5A-9B3B-B9A6C87BAD41}.Release|Any CPU.ActiveCfg = Release|Any CPU
		{84DA9E1C-E0EB-4C5A-9B3B-B9A6C87BAD41}.Release|Any CPU.Build.0 = Release|Any CPU
	EndGlobalSection
	GlobalSection(SolutionProperties) = preSolution
		HideSolutionNode = FALSE
	EndGlobalSection
	GlobalSection(ExtensibilityGlobals) = postSolution
		SolutionGuid = {FC763E7A-A804-4C29-9E28-D90DD6627EF6}
	EndGlobalSection
EndGlobal
